// !$*UTF8*$!
{
	archiveVersion = 1;
	classes = {
	};
	objectVersion = 56;
	objects = {

/* Begin PBXBuildFile section */
		383856142AB1A172006223C4 /* AppDelegate.swift in Sources */ = {isa = PBXBuildFile; fileRef = 383856132AB1A172006223C4 /* AppDelegate.swift */; };
		383856162AB1A172006223C4 /* SceneDelegate.swift in Sources */ = {isa = PBXBuildFile; fileRef = 383856152AB1A172006223C4 /* SceneDelegate.swift */; };
		383856182AB1A172006223C4 /* ViewController.swift in Sources */ = {isa = PBXBuildFile; fileRef = 383856172AB1A172006223C4 /* ViewController.swift */; };
		3838561B2AB1A172006223C4 /* Main.storyboard in Resources */ = {isa = PBXBuildFile; fileRef = 383856192AB1A172006223C4 /* Main.storyboard */; };
		3838561D2AB1A173006223C4 /* Assets.xcassets in Resources */ = {isa = PBXBuildFile; fileRef = 3838561C2AB1A173006223C4 /* Assets.xcassets */; };
		383856202AB1A173006223C4 /* LaunchScreen.storyboard in Resources */ = {isa = PBXBuildFile; fileRef = 3838561E2AB1A173006223C4 /* LaunchScreen.storyboard */; };
		388EB7562AB2F15600268A48 /* Extensions.swift in Sources */ = {isa = PBXBuildFile; fileRef = 388EB7552AB2F15600268A48 /* Extensions.swift */; };
		388EB75D2AB4214A00268A48 /* SceneKit Scene.scn in Resources */ = {isa = PBXBuildFile; fileRef = 388EB75C2AB4214A00268A48 /* SceneKit Scene.scn */; };
		388EB7632AB4767A00268A48 /* Book in Resources */ = {isa = PBXBuildFile; fileRef = 388EB75F2AB4767900268A48 /* Book */; };
		388EB7642AB4767A00268A48 /* Tree in Resources */ = {isa = PBXBuildFile; fileRef = 388EB7602AB4767900268A48 /* Tree */; };
		388EB7652AB4767A00268A48 /* Mountain in Resources */ = {isa = PBXBuildFile; fileRef = 388EB7612AB4767A00268A48 /* Mountain */; };
		388EB7662AB4767A00268A48 /* 3D Models Credits.md in Resources */ = {isa = PBXBuildFile; fileRef = 388EB7622AB4767A00268A48 /* 3D Models Credits.md */; };
/* End PBXBuildFile section */

/* Begin PBXFileReference section */
		383856102AB1A172006223C4 /* ARKitDemo.app */ = {isa = PBXFileReference; explicitFileType = wrapper.application; includeInIndex = 0; path = ARKitDemo.app; sourceTree = BUILT_PRODUCTS_DIR; };
		383856132AB1A172006223C4 /* AppDelegate.swift */ = {isa = PBXFileReference; lastKnownFileType = sourcecode.swift; path = AppDelegate.swift; sourceTree = "<group>"; };
		383856152AB1A172006223C4 /* SceneDelegate.swift */ = {isa = PBXFileReference; lastKnownFileType = sourcecode.swift; path = SceneDelegate.swift; sourceTree = "<group>"; };
		383856172AB1A172006223C4 /* ViewController.swift */ = {isa = PBXFileReference; lastKnownFileType = sourcecode.swift; path = ViewController.swift; sourceTree = "<group>"; };
		3838561A2AB1A172006223C4 /* Base */ = {isa = PBXFileReference; lastKnownFileType = file.storyboard; name = Base; path = Base.lproj/Main.storyboard; sourceTree = "<group>"; };
		3838561C2AB1A173006223C4 /* Assets.xcassets */ = {isa = PBXFileReference; lastKnownFileType = folder.assetcatalog; path = Assets.xcassets; sourceTree = "<group>"; };
		3838561F2AB1A173006223C4 /* Base */ = {isa = PBXFileReference; lastKnownFileType = file.storyboard; name = Base; path = Base.lproj/LaunchScreen.storyboard; sourceTree = "<group>"; };
		383856212AB1A173006223C4 /* Info.plist */ = {isa = PBXFileReference; lastKnownFileType = text.plist.xml; path = Info.plist; sourceTree = "<group>"; };
		388EB7552AB2F15600268A48 /* Extensions.swift */ = {isa = PBXFileReference; lastKnownFileType = sourcecode.swift; path = Extensions.swift; sourceTree = "<group>"; };
		388EB75C2AB4214A00268A48 /* SceneKit Scene.scn */ = {isa = PBXFileReference; lastKnownFileType = file.bplist; path = "SceneKit Scene.scn"; sourceTree = "<group>"; };
		388EB75F2AB4767900268A48 /* Book */ = {isa = PBXFileReference; lastKnownFileType = folder; path = Book; sourceTree = "<group>"; };
		388EB7602AB4767900268A48 /* Tree */ = {isa = PBXFileReference; lastKnownFileType = folder; path = Tree; sourceTree = "<group>"; };
		388EB7612AB4767A00268A48 /* Mountain */ = {isa = PBXFileReference; lastKnownFileType = folder; path = Mountain; sourceTree = "<group>"; };
		388EB7622AB4767A00268A48 /* 3D Models Credits.md */ = {isa = PBXFileReference; fileEncoding = 4; lastKnownFileType = net.daringfireball.markdown; path = "3D Models Credits.md"; sourceTree = "<group>"; };
/* End PBXFileReference section */

/* Begin PBXFrameworksBuildPhase section */
		3838560D2AB1A172006223C4 /* Frameworks */ = {
			isa = PBXFrameworksBuildPhase;
			buildActionMask = 2147483647;
			files = (
			);
			runOnlyForDeploymentPostprocessing = 0;
		};
/* End PBXFrameworksBuildPhase section */

/* Begin PBXGroup section */
		383856072AB1A172006223C4 = {
			isa = PBXGroup;
			children = (
				383856122AB1A172006223C4 /* ARKitDemo */,
				383856112AB1A172006223C4 /* Products */,
			);
			sourceTree = "<group>";
		};
		383856112AB1A172006223C4 /* Products */ = {
			isa = PBXGroup;
			children = (
				383856102AB1A172006223C4 /* ARKitDemo.app */,
			);
			name = Products;
			sourceTree = "<group>";
		};
		383856122AB1A172006223C4 /* ARKitDemo */ = {
			isa = PBXGroup;
			children = (
				388EB75E2AB4766100268A48 /* 3D Models */,
				383856132AB1A172006223C4 /* AppDelegate.swift */,
				383856152AB1A172006223C4 /* SceneDelegate.swift */,
				383856172AB1A172006223C4 /* ViewController.swift */,
				383856192AB1A172006223C4 /* Main.storyboard */,
				3838561C2AB1A173006223C4 /* Assets.xcassets */,
				388EB75C2AB4214A00268A48 /* SceneKit Scene.scn */,
				3838561E2AB1A173006223C4 /* LaunchScreen.storyboard */,
				388EB7552AB2F15600268A48 /* Extensions.swift */,
				383856212AB1A173006223C4 /* Info.plist */,
			);
			path = ARKitDemo;
			sourceTree = "<group>";
		};
		388EB75E2AB4766100268A48 /* 3D Models */ = {
			isa = PBXGroup;
			children = (
				388EB7622AB4767A00268A48 /* 3D Models Credits.md */,
				388EB75F2AB4767900268A48 /* Book */,
				388EB7612AB4767A00268A48 /* Mountain */,
				388EB7602AB4767900268A48 /* Tree */,
			);
			path = "3D Models";
			sourceTree = "<group>";
		};
/* End PBXGroup section */

/* Begin PBXNativeTarget section */
		3838560F2AB1A172006223C4 /* ARKitDemo */ = {
			isa = PBXNativeTarget;
			buildConfigurationList = 383856242AB1A173006223C4 /* Build configuration list for PBXNativeTarget "ARKitDemo" */;
			buildPhases = (
				3838560C2AB1A172006223C4 /* Sources */,
				3838560D2AB1A172006223C4 /* Frameworks */,
				3838560E2AB1A172006223C4 /* Resources */,
			);
			buildRules = (
			);
			dependencies = (
			);
			name = ARKitDemo;
			productName = ARKitDemo;
			productReference = 383856102AB1A172006223C4 /* ARKitDemo.app */;
			productType = "com.apple.product-type.application";
		};
/* End PBXNativeTarget section */

/* Begin PBXProject section */
		383856082AB1A172006223C4 /* Project object */ = {
			isa = PBXProject;
			attributes = {
				BuildIndependentTargetsInParallel = 1;
				LastSwiftUpdateCheck = 1500;
				LastUpgradeCheck = 1500;
				TargetAttributes = {
					3838560F2AB1A172006223C4 = {
						CreatedOnToolsVersion = 15.0;
					};
				};
			};
			buildConfigurationList = 3838560B2AB1A172006223C4 /* Build configuration list for PBXProject "ARKitDemo" */;
			compatibilityVersion = "Xcode 14.0";
			developmentRegion = en;
			hasScannedForEncodings = 0;
			knownRegions = (
				en,
				Base,
			);
			mainGroup = 383856072AB1A172006223C4;
			productRefGroup = 383856112AB1A172006223C4 /* Products */;
			projectDirPath = "";
			projectRoot = "";
			targets = (
				3838560F2AB1A172006223C4 /* ARKitDemo */,
			);
		};
/* End PBXProject section */

/* Begin PBXResourcesBuildPhase section */
		3838560E2AB1A172006223C4 /* Resources */ = {
			isa = PBXResourcesBuildPhase;
			buildActionMask = 2147483647;
			files = (
				388EB7642AB4767A00268A48 /* Tree in Resources */,
				388EB75D2AB4214A00268A48 /* SceneKit Scene.scn in Resources */,
				388EB7652AB4767A00268A48 /* Mountain in Resources */,
				383856202AB1A173006223C4 /* LaunchScreen.storyboard in Resources */,
				388EB7662AB4767A00268A48 /* 3D Models Credits.md in Resources */,
				388EB7632AB4767A00268A48 /* Book in Resources */,
				3838561D2AB1A173006223C4 /* Assets.xcassets in Resources */,
				3838561B2AB1A172006223C4 /* Main.storyboard in Resources */,
			);
			runOnlyForDeploymentPostprocessing = 0;
		};
/* End PBXResourcesBuildPhase section */

/* Begin PBXSourcesBuildPhase section */
		3838560C2AB1A172006223C4 /* Sources */ = {
			isa = PBXSourcesBuildPhase;
			buildActionMask = 2147483647;
			files = (
				383856182AB1A172006223C4 /* ViewController.swift in Sources */,
				383856142AB1A172006223C4 /* AppDelegate.swift in Sources */,
				383856162AB1A172006223C4 /* SceneDelegate.swift in Sources */,
				388EB7562AB2F15600268A48 /* Extensions.swift in Sources */,
			);
			runOnlyForDeploymentPostprocessing = 0;
		};
/* End PBXSourcesBuildPhase section */

/* Begin PBXVariantGroup section */
		383856192AB1A172006223C4 /* Main.storyboard */ = {
			isa = PBXVariantGroup;
			children = (
				3838561A2AB1A172006223C4 /* Base */,
			);
			name = Main.storyboard;
			sourceTree = "<group>";
		};
		3838561E2AB1A173006223C4 /* LaunchScreen.storyboard */ = {
			isa = PBXVariantGroup;
			children = (
				3838561F2AB1A173006223C4 /* Base */,
			);
			name = LaunchScreen.storyboard;
			sourceTree = "<group>";
		};
/* End PBXVariantGroup section */

/* Begin XCBuildConfiguration section */
		383856222AB1A173006223C4 /* Debug */ = {
			isa = XCBuildConfiguration;
			buildSettings = {
				ALWAYS_SEARCH_USER_PATHS = NO;
				ASSETCATALOG_COMPILER_GENERATE_SWIFT_ASSET_SYMBOL_EXTENSIONS = YES;
				CLANG_ANALYZER_NONNULL = YES;
				CLANG_ANALYZER_NUMBER_OBJECT_CONVERSION = YES_AGGRESSIVE;
				CLANG_CXX_LANGUAGE_STANDARD = "gnu++20";
				CLANG_ENABLE_MODULES = YES;
				CLANG_ENABLE_OBJC_ARC = YES;
				CLANG_ENABLE_OBJC_WEAK = YES;
				CLANG_WARN_BLOCK_CAPTURE_AUTORELEASING = YES;
				CLANG_WARN_BOOL_CONVERSION = YES;
				CLANG_WARN_COMMA = YES;
				CLANG_WARN_CONSTANT_CONVERSION = YES;
				CLANG_WARN_DEPRECATED_OBJC_IMPLEMENTATIONS = YES;
				CLANG_WARN_DIRECT_OBJC_ISA_USAGE = YES_ERROR;
				CLANG_WARN_DOCUMENTATION_COMMENTS = YES;
				CLANG_WARN_EMPTY_BODY = YES;
				CLANG_WARN_ENUM_CONVERSION = YES;
				CLANG_WARN_INFINITE_RECURSION = YES;
				CLANG_WARN_INT_CONVERSION = YES;
				CLANG_WARN_NON_LITERAL_NULL_CONVERSION = YES;
				CLANG_WARN_OBJC_IMPLICIT_RETAIN_SELF = YES;
				CLANG_WARN_OBJC_LITERAL_CONVERSION = YES;
				CLANG_WARN_OBJC_ROOT_CLASS = YES_ERROR;
				CLANG_WARN_QUOTED_INCLUDE_IN_FRAMEWORK_HEADER = YES;
				CLANG_WARN_RANGE_LOOP_ANALYSIS = YES;
				CLANG_WARN_STRICT_PROTOTYPES = YES;
				CLANG_WARN_SUSPICIOUS_MOVE = YES;
				CLANG_WARN_UNGUARDED_AVAILABILITY = YES_AGGRESSIVE;
				CLANG_WARN_UNREACHABLE_CODE = YES;
				CLANG_WARN__DUPLICATE_METHOD_MATCH = YES;
				COPY_PHASE_STRIP = NO;
				DEBUG_INFORMATION_FORMAT = dwarf;
				ENABLE_STRICT_OBJC_MSGSEND = YES;
				ENABLE_TESTABILITY = YES;
				ENABLE_USER_SCRIPT_SANDBOXING = YES;
				GCC_C_LANGUAGE_STANDARD = gnu17;
				GCC_DYNAMIC_NO_PIC = NO;
				GCC_NO_COMMON_BLOCKS = YES;
				GCC_OPTIMIZATION_LEVEL = 0;
				GCC_PREPROCESSOR_DEFINITIONS = (
					"DEBUG=1",
					"$(inherited)",
				);
				GCC_WARN_64_TO_32_BIT_CONVERSION = YES;
				GCC_WARN_ABOUT_RETURN_TYPE = YES_ERROR;
				GCC_WARN_UNDECLARED_SELECTOR = YES;
				GCC_WARN_UNINITIALIZED_AUTOS = YES_AGGRESSIVE;
				GCC_WARN_UNUSED_FUNCTION = YES;
				GCC_WARN_UNUSED_VARIABLE = YES;
				IPHONEOS_DEPLOYMENT_TARGET = 17.0;
				LOCALIZATION_PREFERS_STRING_CATALOGS = YES;
				MTL_ENABLE_DEBUG_INFO = INCLUDE_SOURCE;
				MTL_FAST_MATH = YES;
				ONLY_ACTIVE_ARCH = YES;
				SDKROOT = iphoneos;
				SWIFT_ACTIVE_COMPILATION_CONDITIONS = "DEBUG $(inherited)";
				SWIFT_OPTIMIZATION_LEVEL = "-Onone";
			};
			name = Debug;
		};
		383856232AB1A173006223C4 /* Release */ = {
			isa = XCBuildConfiguration;
			buildSettings = {
				ALWAYS_SEARCH_USER_PATHS = NO;
				ASSETCATALOG_COMPILER_GENERATE_SWIFT_ASSET_SYMBOL_EXTENSIONS = YES;
				CLANG_ANALYZER_NONNULL = YES;
				CLANG_ANALYZER_NUMBER_OBJECT_CONVERSION = YES_AGGRESSIVE;
				CLANG_CXX_LANGUAGE_STANDARD = "gnu++20";
				CLANG_ENABLE_MODULES = YES;
				CLANG_ENABLE_OBJC_ARC = YES;
				CLANG_ENABLE_OBJC_WEAK = YES;
				CLANG_WARN_BLOCK_CAPTURE_AUTORELEASING = YES;
				CLANG_WARN_BOOL_CONVERSION = YES;
				CLANG_WARN_COMMA = YES;
				CLANG_WARN_CONSTANT_CONVERSION = YES;
				CLANG_WARN_DEPRECATED_OBJC_IMPLEMENTATIONS = YES;
				CLANG_WARN_DIRECT_OBJC_ISA_USAGE = YES_ERROR;
				CLANG_WARN_DOCUMENTATION_COMMENTS = YES;
				CLANG_WARN_EMPTY_BODY = YES;
				CLANG_WARN_ENUM_CONVERSION = YES;
				CLANG_WARN_INFINITE_RECURSION = YES;
				CLANG_WARN_INT_CONVERSION = YES;
				CLANG_WARN_NON_LITERAL_NULL_CONVERSION = YES;
				CLANG_WARN_OBJC_IMPLICIT_RETAIN_SELF = YES;
				CLANG_WARN_OBJC_LITERAL_CONVERSION = YES;
				CLANG_WARN_OBJC_ROOT_CLASS = YES_ERROR;
				CLANG_WARN_QUOTED_INCLUDE_IN_FRAMEWORK_HEADER = YES;
				CLANG_WARN_RANGE_LOOP_ANALYSIS = YES;
				CLANG_WARN_STRICT_PROTOTYPES = YES;
				CLANG_WARN_SUSPICIOUS_MOVE = YES;
				CLANG_WARN_UNGUARDED_AVAILABILITY = YES_AGGRESSIVE;
				CLANG_WARN_UNREACHABLE_CODE = YES;
				CLANG_WARN__DUPLICATE_METHOD_MATCH = YES;
				COPY_PHASE_STRIP = NO;
				DEBUG_INFORMATION_FORMAT = "dwarf-with-dsym";
				ENABLE_NS_ASSERTIONS = NO;
				ENABLE_STRICT_OBJC_MSGSEND = YES;
				ENABLE_USER_SCRIPT_SANDBOXING = YES;
				GCC_C_LANGUAGE_STANDARD = gnu17;
				GCC_NO_COMMON_BLOCKS = YES;
				GCC_WARN_64_TO_32_BIT_CONVERSION = YES;
				GCC_WARN_ABOUT_RETURN_TYPE = YES_ERROR;
				GCC_WARN_UNDECLARED_SELECTOR = YES;
				GCC_WARN_UNINITIALIZED_AUTOS = YES_AGGRESSIVE;
				GCC_WARN_UNUSED_FUNCTION = YES;
				GCC_WARN_UNUSED_VARIABLE = YES;
				IPHONEOS_DEPLOYMENT_TARGET = 17.0;
				LOCALIZATION_PREFERS_STRING_CATALOGS = YES;
				MTL_ENABLE_DEBUG_INFO = NO;
				MTL_FAST_MATH = YES;
				SDKROOT = iphoneos;
				SWIFT_COMPILATION_MODE = wholemodule;
				VALIDATE_PRODUCT = YES;
			};
			name = Release;
		};
		383856252AB1A173006223C4 /* Debug */ = {
			isa = XCBuildConfiguration;
			buildSettings = {
				ASSETCATALOG_COMPILER_APPICON_NAME = AppIcon;
				ASSETCATALOG_COMPILER_GLOBAL_ACCENT_COLOR_NAME = AccentColor;
				CODE_SIGN_STYLE = Automatic;
				CURRENT_PROJECT_VERSION = 1;
				DEVELOPMENT_TEAM = PWBRSRFHZC;
				GENERATE_INFOPLIST_FILE = YES;
				INFOPLIST_FILE = ARKitDemo/Info.plist;
				INFOPLIST_KEY_NSCameraUsageDescription = "For Augmented Reality";
				INFOPLIST_KEY_UIApplicationSupportsIndirectInputEvents = YES;
				INFOPLIST_KEY_UILaunchStoryboardName = LaunchScreen;
				INFOPLIST_KEY_UIMainStoryboardFile = Main;
				INFOPLIST_KEY_UISupportedInterfaceOrientations_iPad = "UIInterfaceOrientationPortrait UIInterfaceOrientationPortraitUpsideDown UIInterfaceOrientationLandscapeLeft UIInterfaceOrientationLandscapeRight";
				INFOPLIST_KEY_UISupportedInterfaceOrientations_iPhone = "UIInterfaceOrientationPortrait UIInterfaceOrientationLandscapeLeft UIInterfaceOrientationLandscapeRight";
				IPHONEOS_DEPLOYMENT_TARGET = 16.0;
				LD_RUNPATH_SEARCH_PATHS = (
					"$(inherited)",
					"@executable_path/Frameworks",
				);
				MARKETING_VERSION = 1.0;
				PRODUCT_BUNDLE_IDENTIFIER = org.alanhou.ARKitDemo1;
				PRODUCT_NAME = "$(TARGET_NAME)";
				SWIFT_EMIT_LOC_STRINGS = YES;
				SWIFT_VERSION = 5.0;
				TARGETED_DEVICE_FAMILY = "1,2";
			};
			name = Debug;
		};
		383856262AB1A173006223C4 /* Release */ = {
			isa = XCBuildConfiguration;
			buildSettings = {
				ASSETCATALOG_COMPILER_APPICON_NAME = AppIcon;
				ASSETCATALOG_COMPILER_GLOBAL_ACCENT_COLOR_NAME = AccentColor;
				CODE_SIGN_STYLE = Automatic;
				CURRENT_PROJECT_VERSION = 1;
				DEVELOPMENT_TEAM = PWBRSRFHZC;
				GENERATE_INFOPLIST_FILE = YES;
				INFOPLIST_FILE = ARKitDemo/Info.plist;
				INFOPLIST_KEY_NSCameraUsageDescription = "For Augmented Reality";
				INFOPLIST_KEY_UIApplicationSupportsIndirectInputEvents = YES;
				INFOPLIST_KEY_UILaunchStoryboardName = LaunchScreen;
				INFOPLIST_KEY_UIMainStoryboardFile = Main;
				INFOPLIST_KEY_UISupportedInterfaceOrientations_iPad = "UIInterfaceOrientationPortrait UIInterfaceOrientationPortraitUpsideDown UIInterfaceOrientationLandscapeLeft UIInterfaceOrientationLandscapeRight";
				INFOPLIST_KEY_UISupportedInterfaceOrientations_iPhone = "UIInterfaceOrientationPortrait UIInterfaceOrientationLandscapeLeft UIInterfaceOrientationLandscapeRight";
				IPHONEOS_DEPLOYMENT_TARGET = 16.0;
				LD_RUNPATH_SEARCH_PATHS = (
					"$(inherited)",
					"@executable_path/Frameworks",
				);
				MARKETING_VERSION = 1.0;
				PRODUCT_BUNDLE_IDENTIFIER = org.alanhou.ARKitDemo1;
				PRODUCT_NAME = "$(TARGET_NAME)";
				SWIFT_EMIT_LOC_STRINGS = YES;
				SWIFT_VERSION = 5.0;
				TARGETED_DEVICE_FAMILY = "1,2";
			};
			name = Release;
		};
/* End XCBuildConfiguration section */

/* Begin XCConfigurationList section */
		3838560B2AB1A172006223C4 /* Build configuration list for PBXProject "ARKitDemo" */ = {
			isa = XCConfigurationList;
			buildConfigurations = (
				383856222AB1A173006223C4 /* Debug */,
				383856232AB1A173006223C4 /* Release */,
			);
			defaultConfigurationIsVisible = 0;
			defaultConfigurationName = Release;
		};
		383856242AB1A173006223C4 /* Build configuration list for PBXNativeTarget "ARKitDemo" */ = {
			isa = XCConfigurationList;
			buildConfigurations = (
				383856252AB1A173006223C4 /* Debug */,
				383856262AB1A173006223C4 /* Release */,
			);
			defaultConfigurationIsVisible = 0;
			defaultConfigurationName = Release;
		};
/* End XCConfigurationList section */
	};
	rootObject = 383856082AB1A172006223C4 /* Project object */;
}
